<Solution>
  <Folder Name="/Solution Items/">
    <File Path=".editorconfig" />
    <File Path="README.md" />
  </Folder>
  <Project Path="DoodleNote.Tests/DoodleNote.Tests.csproj">
    <Build Solution="Debug|*" Project="false" />
  </Project>
  <Project Path="DoodleNote/DoodleNote.csproj" />
</Solution>
